
Microsoft Visual Studio Solution File, Format Version 12.00
# Visual Studio Version 17
VisualStudioVersion = 17.14.36301.6
MinimumVisualStudioVersion = 10.0.40219.1
Project("{FAE04EC0-301F-11D3-BF4B-00C04F79EFBC}") = "ESFE.Calculadora", "ESFE.Calculadora\ESFE.Calculadora.csproj", "{602F1AC4-56A0-46C2-8C71-A594277E1FA1}"
EndProject
Project("{FAE04EC0-301F-11D3-BF4B-00C04F79EFBC}") = "ESFE.Calculadora.UnitTest.AppMSTest", "ESFE.Calculadora.UnitTest.AppMSTest\ESFE.Calculadora.UnitTest.AppMSTest.csproj", "{FB40376B-115A-4AB1-A5E1-D5B57E36A0DA}"
EndProject
Project("{FAE04EC0-301F-11D3-BF4B-00C04F79EFBC}") = "ESFE.Calculadora.UnitTest.AppxUnit", "ESFE.Calculadora.UnitTest.AppxUnit\ESFE.Calculadora.UnitTest.AppxUnit.csproj", "{38825F21-8942-485C-B1B3-4EDE1CA9B59A}"
EndProject
Global
	GlobalSection(SolutionConfigurationPlatforms) = preSolution
		Debug|Any CPU = Debug|Any CPU
		Release|Any CPU = Release|Any CPU
	EndGlobalSection
	GlobalSection(ProjectConfigurationPlatforms) = postSolution
		{602F1AC4-56A0-46C2-8C71-A594277E1FA1}.Debug|Any CPU.ActiveCfg = Debug|Any CPU
		{602F1AC4-56A0-46C2-8C71-A594277E1FA1}.Debug|Any CPU.Build.0 = Debug|Any CPU
		{602F1AC4-56A0-46C2-8C71-A594277E1FA1}.Release|Any CPU.ActiveCfg = Release|Any CPU
		{602F1AC4-56A0-46C2-8C71-A594277E1FA1}.Release|Any CPU.Build.0 = Release|Any CPU
		{FB40376B-115A-4AB1-A5E1-D5B57E36A0DA}.Debug|Any CPU.ActiveCfg = Debug|Any CPU
		{FB40376B-115A-4AB1-A5E1-D5B57E36A0DA}.Debug|Any CPU.Build.0 = Debug|Any CPU
		{FB40376B-115A-4AB1-A5E1-D5B57E36A0DA}.Release|Any CPU.ActiveCfg = Release|Any CPU
		{FB40376B-115A-4AB1-A5E1-D5B57E36A0DA}.Release|Any CPU.Build.0 = Release|Any CPU
		{38825F21-8942-485C-B1B3-4EDE1CA9B59A}.Debug|Any CPU.ActiveCfg = Debug|Any CPU
		{38825F21-8942-485C-B1B3-4EDE1CA9B59A}.Debug|Any CPU.Build.0 = Debug|Any CPU
		{38825F21-8942-485C-B1B3-4EDE1CA9B59A}.Release|Any CPU.ActiveCfg = Release|Any CPU
		{38825F21-8942-485C-B1B3-4EDE1CA9B59A}.Release|Any CPU.Build.0 = Release|Any CPU
	EndGlobalSection
	GlobalSection(SolutionProperties) = preSolution
		HideSolutionNode = FALSE
	EndGlobalSection
	GlobalSection(ExtensibilityGlobals) = postSolution
		SolutionGuid = {D29A2141-3A0C-46E1-9B4D-33E7971C24AB}
	EndGlobalSection
EndGlobal
